
Microsoft Visual Studio Solution File, Format Version 12.00
# Visual Studio Version 17
VisualStudioVersion = 17.7.34009.444
MinimumVisualStudioVersion = 10.0.40219.1
Project("{9A19103F-16F7-4668-BE54-9A1E7A4F7556}") = "TareaProgra1", "TareaProgra1.csproj", "{9B4A0758-C27E-46C6-A2DE-D357F0E1DDC3}"
EndProject
Global
	GlobalSection(SolutionConfigurationPlatforms) = preSolution
		Debug|Any CPU = Debug|Any CPU
		Release|Any CPU = Release|Any CPU
	EndGlobalSection
	GlobalSection(ProjectConfigurationPlatforms) = postSolution
		{9B4A0758-C27E-46C6-A2DE-D357F0E1DDC3}.Debug|Any CPU.ActiveCfg = Debug|Any CPU
		{9B4A0758-C27E-46C6-A2DE-D357F0E1DDC3}.Debug|Any CPU.Build.0 = Debug|Any CPU
		{9B4A0758-C27E-46C6-A2DE-D357F0E1DDC3}.Release|Any CPU.ActiveCfg = Release|Any CPU
		{9B4A0758-C27E-46C6-A2DE-D357F0E1DDC3}.Release|Any CPU.Build.0 = Release|Any CPU
	EndGlobalSection
	GlobalSection(SolutionProperties) = preSolution
		HideSolutionNode = FALSE
	EndGlobalSection
	GlobalSection(ExtensibilityGlobals) = postSolution
		SolutionGuid = {D887DE97-E0EC-4EAF-B9FF-648D657C3B75}
	EndGlobalSection
EndGlobal
